// !$*UTF8*$!
{
	archiveVersion = 1;
	classes = {
	};
	objectVersion = 56;
	objects = {

/* Begin PBXBuildFile section */
		2A150DD5295599B000AEDCB7 /* NoteListVC.swift in Sources */ = {isa = PBXBuildFile; fileRef = 2A150DD4295599B000AEDCB7 /* NoteListVC.swift */; };
		2A150DD7295599BB00AEDCB7 /* NoteListPresenter.swift in Sources */ = {isa = PBXBuildFile; fileRef = 2A150DD6295599BB00AEDCB7 /* NoteListPresenter.swift */; };
		2A150DE529560EB800AEDCB7 /* NoteService.swift in Sources */ = {isa = PBXBuildFile; fileRef = 2A150DE429560EB800AEDCB7 /* NoteService.swift */; };
		2A150DEB2956373A00AEDCB7 /* NoteEditVC.swift in Sources */ = {isa = PBXBuildFile; fileRef = 2A150DEA2956373A00AEDCB7 /* NoteEditVC.swift */; };
		2A150DED2956399700AEDCB7 /* NoteEditPresenter.swift in Sources */ = {isa = PBXBuildFile; fileRef = 2A150DEC2956399700AEDCB7 /* NoteEditPresenter.swift */; };
		2A150DEF29563B0B00AEDCB7 /* UITextField + Ex.swift in Sources */ = {isa = PBXBuildFile; fileRef = 2A150DEE29563B0B00AEDCB7 /* UITextField + Ex.swift */; };
		2A150DF12956455600AEDCB7 /* Reusable.swift in Sources */ = {isa = PBXBuildFile; fileRef = 2A150DF02956455600AEDCB7 /* Reusable.swift */; };
		2A150DF32956DF6F00AEDCB7 /* Error.swift in Sources */ = {isa = PBXBuildFile; fileRef = 2A150DF22956DF6F00AEDCB7 /* Error.swift */; };
		2A150DF629571FB200AEDCB7 /* Coordinator.swift in Sources */ = {isa = PBXBuildFile; fileRef = 2A150DF529571FB200AEDCB7 /* Coordinator.swift */; };
		2A150DF829571FD000AEDCB7 /* AppCoordinator.swift in Sources */ = {isa = PBXBuildFile; fileRef = 2A150DF729571FD000AEDCB7 /* AppCoordinator.swift */; };
		2A150DFA29572D2200AEDCB7 /* UILabel + Ex.swift in Sources */ = {isa = PBXBuildFile; fileRef = 2A150DF929572D2200AEDCB7 /* UILabel + Ex.swift */; };
		2A150E0429572FA500AEDCB7 /* String + Ex.swift in Sources */ = {isa = PBXBuildFile; fileRef = 2A150E0329572FA500AEDCB7 /* String + Ex.swift */; };
		2A150E0629572FAB00AEDCB7 /* Date + Ex.swift in Sources */ = {isa = PBXBuildFile; fileRef = 2A150E0529572FAB00AEDCB7 /* Date + Ex.swift */; };
		2A150E0829573B3400AEDCB7 /* NoteTVCell.swift in Sources */ = {isa = PBXBuildFile; fileRef = 2A150E0729573B3400AEDCB7 /* NoteTVCell.swift */; };
		2A150E0D29589F9700AEDCB7 /* Title.swift in Sources */ = {isa = PBXBuildFile; fileRef = 2A150E0C29589F9700AEDCB7 /* Title.swift */; };
		2A313F2A2954ED630047808C /* AppDelegate.swift in Sources */ = {isa = PBXBuildFile; fileRef = 2A313F292954ED630047808C /* AppDelegate.swift */; };
		2A313F342954ED630047808C /* NoteApp.xcdatamodeld in Sources */ = {isa = PBXBuildFile; fileRef = 2A313F322954ED630047808C /* NoteApp.xcdatamodeld */; };
		2A313F362954ED650047808C /* Assets.xcassets in Resources */ = {isa = PBXBuildFile; fileRef = 2A313F352954ED650047808C /* Assets.xcassets */; };
		2A313F392954ED650047808C /* LaunchScreen.storyboard in Resources */ = {isa = PBXBuildFile; fileRef = 2A313F372954ED650047808C /* LaunchScreen.storyboard */; };
		2A65866B2958CDF500F9D285 /* Note+CoreDataClass.swift in Sources */ = {isa = PBXBuildFile; fileRef = 2A6586692958CDF500F9D285 /* Note+CoreDataClass.swift */; };
		2A65866C2958CDF500F9D285 /* Note+CoreDataProperties.swift in Sources */ = {isa = PBXBuildFile; fileRef = 2A65866A2958CDF500F9D285 /* Note+CoreDataProperties.swift */; };
/* End PBXBuildFile section */

/* Begin PBXFileReference section */
		2A150DD4295599B000AEDCB7 /* NoteListVC.swift */ = {isa = PBXFileReference; lastKnownFileType = sourcecode.swift; path = NoteListVC.swift; sourceTree = "<group>"; };
		2A150DD6295599BB00AEDCB7 /* NoteListPresenter.swift */ = {isa = PBXFileReference; lastKnownFileType = sourcecode.swift; path = NoteListPresenter.swift; sourceTree = "<group>"; };
		2A150DE429560EB800AEDCB7 /* NoteService.swift */ = {isa = PBXFileReference; lastKnownFileType = sourcecode.swift; path = NoteService.swift; sourceTree = "<group>"; };
		2A150DEA2956373A00AEDCB7 /* NoteEditVC.swift */ = {isa = PBXFileReference; lastKnownFileType = sourcecode.swift; path = NoteEditVC.swift; sourceTree = "<group>"; };
		2A150DEC2956399700AEDCB7 /* NoteEditPresenter.swift */ = {isa = PBXFileReference; lastKnownFileType = sourcecode.swift; path = NoteEditPresenter.swift; sourceTree = "<group>"; };
		2A150DEE29563B0B00AEDCB7 /* UITextField + Ex.swift */ = {isa = PBXFileReference; lastKnownFileType = sourcecode.swift; path = "UITextField + Ex.swift"; sourceTree = "<group>"; };
		2A150DF02956455600AEDCB7 /* Reusable.swift */ = {isa = PBXFileReference; lastKnownFileType = sourcecode.swift; path = Reusable.swift; sourceTree = "<group>"; };
		2A150DF22956DF6F00AEDCB7 /* Error.swift */ = {isa = PBXFileReference; lastKnownFileType = sourcecode.swift; path = Error.swift; sourceTree = "<group>"; };
		2A150DF529571FB200AEDCB7 /* Coordinator.swift */ = {isa = PBXFileReference; lastKnownFileType = sourcecode.swift; path = Coordinator.swift; sourceTree = "<group>"; };
		2A150DF729571FD000AEDCB7 /* AppCoordinator.swift */ = {isa = PBXFileReference; lastKnownFileType = sourcecode.swift; path = AppCoordinator.swift; sourceTree = "<group>"; };
		2A150DF929572D2200AEDCB7 /* UILabel + Ex.swift */ = {isa = PBXFileReference; lastKnownFileType = sourcecode.swift; path = "UILabel + Ex.swift"; sourceTree = "<group>"; };
		2A150E0329572FA500AEDCB7 /* String + Ex.swift */ = {isa = PBXFileReference; lastKnownFileType = sourcecode.swift; path = "String + Ex.swift"; sourceTree = "<group>"; };
		2A150E0529572FAB00AEDCB7 /* Date + Ex.swift */ = {isa = PBXFileReference; lastKnownFileType = sourcecode.swift; path = "Date + Ex.swift"; sourceTree = "<group>"; };
		2A150E0729573B3400AEDCB7 /* NoteTVCell.swift */ = {isa = PBXFileReference; lastKnownFileType = sourcecode.swift; path = NoteTVCell.swift; sourceTree = "<group>"; };
		2A150E0C29589F9700AEDCB7 /* Title.swift */ = {isa = PBXFileReference; lastKnownFileType = sourcecode.swift; path = Title.swift; sourceTree = "<group>"; };
		2A313F262954ED630047808C /* NoteApp.app */ = {isa = PBXFileReference; explicitFileType = wrapper.application; includeInIndex = 0; path = NoteApp.app; sourceTree = BUILT_PRODUCTS_DIR; };
		2A313F292954ED630047808C /* AppDelegate.swift */ = {isa = PBXFileReference; lastKnownFileType = sourcecode.swift; path = AppDelegate.swift; sourceTree = "<group>"; };
		2A313F332954ED630047808C /* NoteApp.xcdatamodel */ = {isa = PBXFileReference; lastKnownFileType = wrapper.xcdatamodel; path = NoteApp.xcdatamodel; sourceTree = "<group>"; };
		2A313F352954ED650047808C /* Assets.xcassets */ = {isa = PBXFileReference; lastKnownFileType = folder.assetcatalog; path = Assets.xcassets; sourceTree = "<group>"; };
		2A313F382954ED650047808C /* Base */ = {isa = PBXFileReference; lastKnownFileType = file.storyboard; name = Base; path = Base.lproj/LaunchScreen.storyboard; sourceTree = "<group>"; };
		2A313F3A2954ED650047808C /* Info.plist */ = {isa = PBXFileReference; lastKnownFileType = text.plist.xml; path = Info.plist; sourceTree = "<group>"; };
		2A6586692958CDF500F9D285 /* Note+CoreDataClass.swift */ = {isa = PBXFileReference; lastKnownFileType = sourcecode.swift; path = "Note+CoreDataClass.swift"; sourceTree = "<group>"; };
		2A65866A2958CDF500F9D285 /* Note+CoreDataProperties.swift */ = {isa = PBXFileReference; lastKnownFileType = sourcecode.swift; path = "Note+CoreDataProperties.swift"; sourceTree = "<group>"; };
/* End PBXFileReference section */

/* Begin PBXFrameworksBuildPhase section */
		2A313F232954ED630047808C /* Frameworks */ = {
			isa = PBXFrameworksBuildPhase;
			buildActionMask = 2147483647;
			files = (
			);
			runOnlyForDeploymentPostprocessing = 0;
		};
/* End PBXFrameworksBuildPhase section */

/* Begin PBXGroup section */
		2A150DF429571FA900AEDCB7 /* Coordinator */ = {
			isa = PBXGroup;
			children = (
				2A150DF529571FB200AEDCB7 /* Coordinator.swift */,
				2A150DF729571FD000AEDCB7 /* AppCoordinator.swift */,
			);
			path = Coordinator;
			sourceTree = "<group>";
		};
		2A313F1D2954ED630047808C = {
			isa = PBXGroup;
			children = (
				2A313F282954ED630047808C /* NoteApp */,
				2A313F272954ED630047808C /* Products */,
			);
			sourceTree = "<group>";
		};
		2A313F272954ED630047808C /* Products */ = {
			isa = PBXGroup;
			children = (
				2A313F262954ED630047808C /* NoteApp.app */,
			);
			name = Products;
			sourceTree = "<group>";
		};
		2A313F282954ED630047808C /* NoteApp */ = {
			isa = PBXGroup;
			children = (
				2A150DF429571FA900AEDCB7 /* Coordinator */,
				2A313F452954EEA60047808C /* Service */,
				2A313F442954EE980047808C /* Model */,
				2A313F422954EE930047808C /* Module */,
				2A313F432954EE980047808C /* Constant */,
				2A313F412954EE870047808C /* Extension */,
				2A313F402954EE7F0047808C /* Support */,
				2A313F3A2954ED650047808C /* Info.plist */,
				2A313F322954ED630047808C /* NoteApp.xcdatamodeld */,
			);
			path = NoteApp;
			sourceTree = "<group>";
		};
		2A313F402954EE7F0047808C /* Support */ = {
			isa = PBXGroup;
			children = (
				2A313F292954ED630047808C /* AppDelegate.swift */,
				2A313F352954ED650047808C /* Assets.xcassets */,
				2A313F372954ED650047808C /* LaunchScreen.storyboard */,
			);
			path = Support;
			sourceTree = "<group>";
		};
		2A313F412954EE870047808C /* Extension */ = {
			isa = PBXGroup;
			children = (
				2A150DEE29563B0B00AEDCB7 /* UITextField + Ex.swift */,
				2A150DF02956455600AEDCB7 /* Reusable.swift */,
				2A150DF929572D2200AEDCB7 /* UILabel + Ex.swift */,
				2A150E0329572FA500AEDCB7 /* String + Ex.swift */,
				2A150E0529572FAB00AEDCB7 /* Date + Ex.swift */,
			);
			path = Extension;
			sourceTree = "<group>";
		};
		2A313F422954EE930047808C /* Module */ = {
			isa = PBXGroup;
			children = (
				2A313F462954EEB80047808C /* NoteList */,
				2A313F472954EEBE0047808C /* NoteEdit */,
			);
			path = Module;
			sourceTree = "<group>";
		};
		2A313F432954EE980047808C /* Constant */ = {
			isa = PBXGroup;
			children = (
				2A150E0C29589F9700AEDCB7 /* Title.swift */,
				2A150DF22956DF6F00AEDCB7 /* Error.swift */,
			);
			path = Constant;
			sourceTree = "<group>";
		};
		2A313F442954EE980047808C /* Model */ = {
			isa = PBXGroup;
			children = (
				2A6586692958CDF500F9D285 /* Note+CoreDataClass.swift */,
				2A65866A2958CDF500F9D285 /* Note+CoreDataProperties.swift */,
			);
			path = Model;
			sourceTree = "<group>";
		};
		2A313F452954EEA60047808C /* Service */ = {
			isa = PBXGroup;
			children = (
				2A150DE429560EB800AEDCB7 /* NoteService.swift */,
			);
			path = Service;
			sourceTree = "<group>";
		};
		2A313F462954EEB80047808C /* NoteList */ = {
			isa = PBXGroup;
			children = (
				2A150DD4295599B000AEDCB7 /* NoteListVC.swift */,
				2A150DD6295599BB00AEDCB7 /* NoteListPresenter.swift */,
				2A150E0729573B3400AEDCB7 /* NoteTVCell.swift */,
			);
			path = NoteList;
			sourceTree = "<group>";
		};
		2A313F472954EEBE0047808C /* NoteEdit */ = {
			isa = PBXGroup;
			children = (
				2A150DEA2956373A00AEDCB7 /* NoteEditVC.swift */,
				2A150DEC2956399700AEDCB7 /* NoteEditPresenter.swift */,
			);
			path = NoteEdit;
			sourceTree = "<group>";
		};
/* End PBXGroup section */

/* Begin PBXNativeTarget section */
		2A313F252954ED630047808C /* NoteApp */ = {
			isa = PBXNativeTarget;
			buildConfigurationList = 2A313F3D2954ED650047808C /* Build configuration list for PBXNativeTarget "NoteApp" */;
			buildPhases = (
				2A313F222954ED630047808C /* Sources */,
				2A313F232954ED630047808C /* Frameworks */,
				2A313F242954ED630047808C /* Resources */,
			);
			buildRules = (
			);
			dependencies = (
			);
			name = NoteApp;
			productName = NoteApp;
			productReference = 2A313F262954ED630047808C /* NoteApp.app */;
			productType = "com.apple.product-type.application";
		};
/* End PBXNativeTarget section */

/* Begin PBXProject section */
		2A313F1E2954ED630047808C /* Project object */ = {
			isa = PBXProject;
			attributes = {
				BuildIndependentTargetsInParallel = 1;
				LastSwiftUpdateCheck = 1420;
				LastUpgradeCheck = 1420;
				TargetAttributes = {
					2A313F252954ED630047808C = {
						CreatedOnToolsVersion = 14.2;
					};
				};
			};
			buildConfigurationList = 2A313F212954ED630047808C /* Build configuration list for PBXProject "NoteApp" */;
			compatibilityVersion = "Xcode 14.0";
			developmentRegion = en;
			hasScannedForEncodings = 0;
			knownRegions = (
				en,
				Base,
			);
			mainGroup = 2A313F1D2954ED630047808C;
			productRefGroup = 2A313F272954ED630047808C /* Products */;
			projectDirPath = "";
			projectRoot = "";
			targets = (
				2A313F252954ED630047808C /* NoteApp */,
			);
		};
/* End PBXProject section */

/* Begin PBXResourcesBuildPhase section */
		2A313F242954ED630047808C /* Resources */ = {
			isa = PBXResourcesBuildPhase;
			buildActionMask = 2147483647;
			files = (
				2A313F392954ED650047808C /* LaunchScreen.storyboard in Resources */,
				2A313F362954ED650047808C /* Assets.xcassets in Resources */,
			);
			runOnlyForDeploymentPostprocessing = 0;
		};
/* End PBXResourcesBuildPhase section */

/* Begin PBXSourcesBuildPhase section */
		2A313F222954ED630047808C /* Sources */ = {
			isa = PBXSourcesBuildPhase;
			buildActionMask = 2147483647;
			files = (
				2A150DEB2956373A00AEDCB7 /* NoteEditVC.swift in Sources */,
				2A150DF12956455600AEDCB7 /* Reusable.swift in Sources */,
				2A150DF629571FB200AEDCB7 /* Coordinator.swift in Sources */,
				2A150E0D29589F9700AEDCB7 /* Title.swift in Sources */,
				2A150DD7295599BB00AEDCB7 /* NoteListPresenter.swift in Sources */,
				2A150DF32956DF6F00AEDCB7 /* Error.swift in Sources */,
				2A150E0629572FAB00AEDCB7 /* Date + Ex.swift in Sources */,
				2A150DF829571FD000AEDCB7 /* AppCoordinator.swift in Sources */,
				2A150DE529560EB800AEDCB7 /* NoteService.swift in Sources */,
				2A150E0829573B3400AEDCB7 /* NoteTVCell.swift in Sources */,
				2A150DED2956399700AEDCB7 /* NoteEditPresenter.swift in Sources */,
				2A313F2A2954ED630047808C /* AppDelegate.swift in Sources */,
				2A65866C2958CDF500F9D285 /* Note+CoreDataProperties.swift in Sources */,
				2A150DFA29572D2200AEDCB7 /* UILabel + Ex.swift in Sources */,
				2A150E0429572FA500AEDCB7 /* String + Ex.swift in Sources */,
				2A150DEF29563B0B00AEDCB7 /* UITextField + Ex.swift in Sources */,
				2A65866B2958CDF500F9D285 /* Note+CoreDataClass.swift in Sources */,
				2A313F342954ED630047808C /* NoteApp.xcdatamodeld in Sources */,
				2A150DD5295599B000AEDCB7 /* NoteListVC.swift in Sources */,
			);
			runOnlyForDeploymentPostprocessing = 0;
		};
/* End PBXSourcesBuildPhase section */

/* Begin PBXVariantGroup section */
		2A313F372954ED650047808C /* LaunchScreen.storyboard */ = {
			isa = PBXVariantGroup;
			children = (
				2A313F382954ED650047808C /* Base */,
			);
			name = LaunchScreen.storyboard;
			sourceTree = "<group>";
		};
/* End PBXVariantGroup section */

/* Begin XCBuildConfiguration section */
		2A313F3B2954ED650047808C /* Debug */ = {
			isa = XCBuildConfiguration;
			buildSettings = {
				ALWAYS_SEARCH_USER_PATHS = NO;
				CLANG_ANALYZER_NONNULL = YES;
				CLANG_ANALYZER_NUMBER_OBJECT_CONVERSION = YES_AGGRESSIVE;
				CLANG_CXX_LANGUAGE_STANDARD = "gnu++20";
				CLANG_ENABLE_MODULES = YES;
				CLANG_ENABLE_OBJC_ARC = YES;
				CLANG_ENABLE_OBJC_WEAK = YES;
				CLANG_WARN_BLOCK_CAPTURE_AUTORELEASING = YES;
				CLANG_WARN_BOOL_CONVERSION = YES;
				CLANG_WARN_COMMA = YES;
				CLANG_WARN_CONSTANT_CONVERSION = YES;
				CLANG_WARN_DEPRECATED_OBJC_IMPLEMENTATIONS = YES;
				CLANG_WARN_DIRECT_OBJC_ISA_USAGE = YES_ERROR;
				CLANG_WARN_DOCUMENTATION_COMMENTS = YES;
				CLANG_WARN_EMPTY_BODY = YES;
				CLANG_WARN_ENUM_CONVERSION = YES;
				CLANG_WARN_INFINITE_RECURSION = YES;
				CLANG_WARN_INT_CONVERSION = YES;
				CLANG_WARN_NON_LITERAL_NULL_CONVERSION = YES;
				CLANG_WARN_OBJC_IMPLICIT_RETAIN_SELF = YES;
				CLANG_WARN_OBJC_LITERAL_CONVERSION = YES;
				CLANG_WARN_OBJC_ROOT_CLASS = YES_ERROR;
				CLANG_WARN_QUOTED_INCLUDE_IN_FRAMEWORK_HEADER = YES;
				CLANG_WARN_RANGE_LOOP_ANALYSIS = YES;
				CLANG_WARN_STRICT_PROTOTYPES = YES;
				CLANG_WARN_SUSPICIOUS_MOVE = YES;
				CLANG_WARN_UNGUARDED_AVAILABILITY = YES_AGGRESSIVE;
				CLANG_WARN_UNREACHABLE_CODE = YES;
				CLANG_WARN__DUPLICATE_METHOD_MATCH = YES;
				COPY_PHASE_STRIP = NO;
				DEBUG_INFORMATION_FORMAT = dwarf;
				ENABLE_STRICT_OBJC_MSGSEND = YES;
				ENABLE_TESTABILITY = YES;
				GCC_C_LANGUAGE_STANDARD = gnu11;
				GCC_DYNAMIC_NO_PIC = NO;
				GCC_NO_COMMON_BLOCKS = YES;
				GCC_OPTIMIZATION_LEVEL = 0;
				GCC_PREPROCESSOR_DEFINITIONS = (
					"DEBUG=1",
					"$(inherited)",
				);
				GCC_WARN_64_TO_32_BIT_CONVERSION = YES;
				GCC_WARN_ABOUT_RETURN_TYPE = YES_ERROR;
				GCC_WARN_UNDECLARED_SELECTOR = YES;
				GCC_WARN_UNINITIALIZED_AUTOS = YES_AGGRESSIVE;
				GCC_WARN_UNUSED_FUNCTION = YES;
				GCC_WARN_UNUSED_VARIABLE = YES;
				IPHONEOS_DEPLOYMENT_TARGET = 16.2;
				MTL_ENABLE_DEBUG_INFO = INCLUDE_SOURCE;
				MTL_FAST_MATH = YES;
				ONLY_ACTIVE_ARCH = YES;
				SDKROOT = iphoneos;
				SWIFT_ACTIVE_COMPILATION_CONDITIONS = DEBUG;
				SWIFT_OPTIMIZATION_LEVEL = "-Onone";
			};
			name = Debug;
		};
		2A313F3C2954ED650047808C /* Release */ = {
			isa = XCBuildConfiguration;
			buildSettings = {
				ALWAYS_SEARCH_USER_PATHS = NO;
				CLANG_ANALYZER_NONNULL = YES;
				CLANG_ANALYZER_NUMBER_OBJECT_CONVERSION = YES_AGGRESSIVE;
				CLANG_CXX_LANGUAGE_STANDARD = "gnu++20";
				CLANG_ENABLE_MODULES = YES;
				CLANG_ENABLE_OBJC_ARC = YES;
				CLANG_ENABLE_OBJC_WEAK = YES;
				CLANG_WARN_BLOCK_CAPTURE_AUTORELEASING = YES;
				CLANG_WARN_BOOL_CONVERSION = YES;
				CLANG_WARN_COMMA = YES;
				CLANG_WARN_CONSTANT_CONVERSION = YES;
				CLANG_WARN_DEPRECATED_OBJC_IMPLEMENTATIONS = YES;
				CLANG_WARN_DIRECT_OBJC_ISA_USAGE = YES_ERROR;
				CLANG_WARN_DOCUMENTATION_COMMENTS = YES;
				CLANG_WARN_EMPTY_BODY = YES;
				CLANG_WARN_ENUM_CONVERSION = YES;
				CLANG_WARN_INFINITE_RECURSION = YES;
				CLANG_WARN_INT_CONVERSION = YES;
				CLANG_WARN_NON_LITERAL_NULL_CONVERSION = YES;
				CLANG_WARN_OBJC_IMPLICIT_RETAIN_SELF = YES;
				CLANG_WARN_OBJC_LITERAL_CONVERSION = YES;
				CLANG_WARN_OBJC_ROOT_CLASS = YES_ERROR;
				CLANG_WARN_QUOTED_INCLUDE_IN_FRAMEWORK_HEADER = YES;
				CLANG_WARN_RANGE_LOOP_ANALYSIS = YES;
				CLANG_WARN_STRICT_PROTOTYPES = YES;
				CLANG_WARN_SUSPICIOUS_MOVE = YES;
				CLANG_WARN_UNGUARDED_AVAILABILITY = YES_AGGRESSIVE;
				CLANG_WARN_UNREACHABLE_CODE = YES;
				CLANG_WARN__DUPLICATE_METHOD_MATCH = YES;
				COPY_PHASE_STRIP = NO;
				DEBUG_INFORMATION_FORMAT = "dwarf-with-dsym";
				ENABLE_NS_ASSERTIONS = NO;
				ENABLE_STRICT_OBJC_MSGSEND = YES;
				GCC_C_LANGUAGE_STANDARD = gnu11;
				GCC_NO_COMMON_BLOCKS = YES;
				GCC_WARN_64_TO_32_BIT_CONVERSION = YES;
				GCC_WARN_ABOUT_RETURN_TYPE = YES_ERROR;
				GCC_WARN_UNDECLARED_SELECTOR = YES;
				GCC_WARN_UNINITIALIZED_AUTOS = YES_AGGRESSIVE;
				GCC_WARN_UNUSED_FUNCTION = YES;
				GCC_WARN_UNUSED_VARIABLE = YES;
				IPHONEOS_DEPLOYMENT_TARGET = 16.2;
				MTL_ENABLE_DEBUG_INFO = NO;
				MTL_FAST_MATH = YES;
				SDKROOT = iphoneos;
				SWIFT_COMPILATION_MODE = wholemodule;
				SWIFT_OPTIMIZATION_LEVEL = "-O";
				VALIDATE_PRODUCT = YES;
			};
			name = Release;
		};
		2A313F3E2954ED650047808C /* Debug */ = {
			isa = XCBuildConfiguration;
			buildSettings = {
				ASSETCATALOG_COMPILER_APPICON_NAME = AppIcon;
				ASSETCATALOG_COMPILER_GLOBAL_ACCENT_COLOR_NAME = AccentColor;
				CODE_SIGN_STYLE = Automatic;
				CURRENT_PROJECT_VERSION = 1;
				DEVELOPMENT_TEAM = T9GV6HD4BD;
				GENERATE_INFOPLIST_FILE = YES;
				INFOPLIST_FILE = NoteApp/Info.plist;
				INFOPLIST_KEY_CFBundleDisplayName = "Note App";
				INFOPLIST_KEY_UIApplicationSupportsIndirectInputEvents = YES;
				INFOPLIST_KEY_UILaunchStoryboardName = LaunchScreen;
				INFOPLIST_KEY_UISupportedInterfaceOrientations = UIInterfaceOrientationPortrait;
				INFOPLIST_KEY_UISupportedInterfaceOrientations_iPad = "UIInterfaceOrientationLandscapeLeft UIInterfaceOrientationLandscapeRight UIInterfaceOrientationPortrait UIInterfaceOrientationPortraitUpsideDown";
				IPHONEOS_DEPLOYMENT_TARGET = 13.0;
				LD_RUNPATH_SEARCH_PATHS = (
					"$(inherited)",
					"@executable_path/Frameworks",
				);
				MARKETING_VERSION = 1.0;
				PRODUCT_BUNDLE_IDENTIFIER = com.ivanpuzan0v.NoteApp;
				PRODUCT_NAME = "$(TARGET_NAME)";
				SUPPORTED_PLATFORMS = "iphoneos iphonesimulator";
				SUPPORTS_MACCATALYST = NO;
				SUPPORTS_MAC_DESIGNED_FOR_IPHONE_IPAD = NO;
				SWIFT_EMIT_LOC_STRINGS = YES;
				SWIFT_VERSION = 5.0;
				TARGETED_DEVICE_FAMILY = 1;
			};
			name = Debug;
		};
		2A313F3F2954ED650047808C /* Release */ = {
			isa = XCBuildConfiguration;
			buildSettings = {
				ASSETCATALOG_COMPILER_APPICON_NAME = AppIcon;
				ASSETCATALOG_COMPILER_GLOBAL_ACCENT_COLOR_NAME = AccentColor;
				CODE_SIGN_STYLE = Automatic;
				CURRENT_PROJECT_VERSION = 1;
				DEVELOPMENT_TEAM = T9GV6HD4BD;
				GENERATE_INFOPLIST_FILE = YES;
				INFOPLIST_FILE = NoteApp/Info.plist;
				INFOPLIST_KEY_CFBundleDisplayName = "Note App";
				INFOPLIST_KEY_UIApplicationSupportsIndirectInputEvents = YES;
				INFOPLIST_KEY_UILaunchStoryboardName = LaunchScreen;
				INFOPLIST_KEY_UISupportedInterfaceOrientations = UIInterfaceOrientationPortrait;
				INFOPLIST_KEY_UISupportedInterfaceOrientations_iPad = "UIInterfaceOrientationLandscapeLeft UIInterfaceOrientationLandscapeRight UIInterfaceOrientationPortrait UIInterfaceOrientationPortraitUpsideDown";
				IPHONEOS_DEPLOYMENT_TARGET = 13.0;
				LD_RUNPATH_SEARCH_PATHS = (
					"$(inherited)",
					"@executable_path/Frameworks",
				);
				MARKETING_VERSION = 1.0;
				PRODUCT_BUNDLE_IDENTIFIER = com.ivanpuzan0v.NoteApp;
				PRODUCT_NAME = "$(TARGET_NAME)";
				SUPPORTED_PLATFORMS = "iphoneos iphonesimulator";
				SUPPORTS_MACCATALYST = NO;
				SUPPORTS_MAC_DESIGNED_FOR_IPHONE_IPAD = NO;
				SWIFT_EMIT_LOC_STRINGS = YES;
				SWIFT_VERSION = 5.0;
				TARGETED_DEVICE_FAMILY = 1;
			};
			name = Release;
		};
/* End XCBuildConfiguration section */

/* Begin XCConfigurationList section */
		2A313F212954ED630047808C /* Build configuration list for PBXProject "NoteApp" */ = {
			isa = XCConfigurationList;
			buildConfigurations = (
				2A313F3B2954ED650047808C /* Debug */,
				2A313F3C2954ED650047808C /* Release */,
			);
			defaultConfigurationIsVisible = 0;
			defaultConfigurationName = Release;
		};
		2A313F3D2954ED650047808C /* Build configuration list for PBXNativeTarget "NoteApp" */ = {
			isa = XCConfigurationList;
			buildConfigurations = (
				2A313F3E2954ED650047808C /* Debug */,
				2A313F3F2954ED650047808C /* Release */,
			);
			defaultConfigurationIsVisible = 0;
			defaultConfigurationName = Release;
		};
/* End XCConfigurationList section */

/* Begin XCVersionGroup section */
		2A313F322954ED630047808C /* NoteApp.xcdatamodeld */ = {
			isa = XCVersionGroup;
			children = (
				2A313F332954ED630047808C /* NoteApp.xcdatamodel */,
			);
			currentVersion = 2A313F332954ED630047808C /* NoteApp.xcdatamodel */;
			path = NoteApp.xcdatamodeld;
			sourceTree = "<group>";
			versionGroupType = wrapper.xcdatamodel;
		};
/* End XCVersionGroup section */
	};
	rootObject = 2A313F1E2954ED630047808C /* Project object */;
}
